
Microsoft Visual Studio Solution File, Format Version 12.00
# Visual Studio Version 16
VisualStudioVersion = 16.0.29519.181
MinimumVisualStudioVersion = 10.0.40219.1
Project("{FAE04EC0-301F-11D3-BF4B-00C04F79EFBC}") = "MonteCarloPI", "MonteCarloPI\MonteCarloPI.csproj", "{6F9125F6-D60B-44F3-A0C1-8CE174AFB3FA}"
EndProject
Global
	GlobalSection(SolutionConfigurationPlatforms) = preSolution
		Debug|Any CPU = Debug|Any CPU
		Release|Any CPU = Release|Any CPU
	EndGlobalSection
	GlobalSection(ProjectConfigurationPlatforms) = postSolution
		{6F9125F6-D60B-44F3-A0C1-8CE174AFB3FA}.Debug|Any CPU.ActiveCfg = Debug|Any CPU
		{6F9125F6-D60B-44F3-A0C1-8CE174AFB3FA}.Debug|Any CPU.Build.0 = Debug|Any CPU
		{6F9125F6-D60B-44F3-A0C1-8CE174AFB3FA}.Release|Any CPU.ActiveCfg = Release|Any CPU
		{6F9125F6-D60B-44F3-A0C1-8CE174AFB3FA}.Release|Any CPU.Build.0 = Release|Any CPU
	EndGlobalSection
	GlobalSection(SolutionProperties) = preSolution
		HideSolutionNode = FALSE
	EndGlobalSection
	GlobalSection(ExtensibilityGlobals) = postSolution
		SolutionGuid = {07769BDD-3104-457B-9670-7D797AC4B7F7}
	EndGlobalSection
EndGlobal
